// !$*UTF8*$!
{
	archiveVersion = 1;
	classes = {
	};
	objectVersion = 56;
	objects = {

/* Begin PBXBuildFile section */
		E56909E12BA148650089E79D /* WorkoutPalApp.swift in Sources */ = {isa = PBXBuildFile; fileRef = E56909E02BA148650089E79D /* WorkoutPalApp.swift */; };
		E56909E32BA148650089E79D /* UploadView.swift in Sources */ = {isa = PBXBuildFile; fileRef = E56909E22BA148650089E79D /* UploadView.swift */; };
		E56909E52BA148680089E79D /* Assets.xcassets in Resources */ = {isa = PBXBuildFile; fileRef = E56909E42BA148680089E79D /* Assets.xcassets */; };
		E56909E82BA148680089E79D /* Preview Assets.xcassets in Resources */ = {isa = PBXBuildFile; fileRef = E56909E72BA148680089E79D /* Preview Assets.xcassets */; };
		E56909EF2BA149490089E79D /* RequestHandler.swift in Sources */ = {isa = PBXBuildFile; fileRef = E56909EE2BA149490089E79D /* RequestHandler.swift */; };
		E56909F12BA14B070089E79D /* ImagePicker.swift in Sources */ = {isa = PBXBuildFile; fileRef = E56909F02BA14B070089E79D /* ImagePicker.swift */; };
		E56909F42BA18C080089E79D /* Models.swift in Sources */ = {isa = PBXBuildFile; fileRef = E56909F32BA18C080089E79D /* Models.swift */; };
		E56909F62BA1956A0089E79D /* ContentView.swift in Sources */ = {isa = PBXBuildFile; fileRef = E56909F52BA1956A0089E79D /* ContentView.swift */; };
		E56909F82BA1961D0089E79D /* WorkoutHistoryView.swift in Sources */ = {isa = PBXBuildFile; fileRef = E56909F72BA1961D0089E79D /* WorkoutHistoryView.swift */; };
		E56909FA2BA1962C0089E79D /* HomeView.swift in Sources */ = {isa = PBXBuildFile; fileRef = E56909F92BA1962C0089E79D /* HomeView.swift */; };
		E56909FD2BA196F60089E79D /* FirebaseAnalytics in Frameworks */ = {isa = PBXBuildFile; productRef = E56909FC2BA196F60089E79D /* FirebaseAnalytics */; };
		E56909FF2BA196F60089E79D /* FirebaseAnalyticsOnDeviceConversion in Frameworks */ = {isa = PBXBuildFile; productRef = E56909FE2BA196F60089E79D /* FirebaseAnalyticsOnDeviceConversion */; };
		E5690A012BA196F60089E79D /* FirebaseAnalyticsSwift in Frameworks */ = {isa = PBXBuildFile; productRef = E5690A002BA196F60089E79D /* FirebaseAnalyticsSwift */; };
		E5690A032BA196F60089E79D /* FirebaseAnalyticsWithoutAdIdSupport in Frameworks */ = {isa = PBXBuildFile; productRef = E5690A022BA196F60089E79D /* FirebaseAnalyticsWithoutAdIdSupport */; };
		E5690A052BA196F60089E79D /* FirebaseAppCheck in Frameworks */ = {isa = PBXBuildFile; productRef = E5690A042BA196F60089E79D /* FirebaseAppCheck */; };
		E5690A072BA196F60089E79D /* FirebaseAppDistribution-Beta in Frameworks */ = {isa = PBXBuildFile; productRef = E5690A062BA196F60089E79D /* FirebaseAppDistribution-Beta */; };
		E5690A092BA196F60089E79D /* FirebaseAuth in Frameworks */ = {isa = PBXBuildFile; productRef = E5690A082BA196F60089E79D /* FirebaseAuth */; };
		E5690A0B2BA196F60089E79D /* FirebaseAuthCombine-Community in Frameworks */ = {isa = PBXBuildFile; productRef = E5690A0A2BA196F60089E79D /* FirebaseAuthCombine-Community */; };
		E5690A0D2BA196F60089E79D /* FirebaseCrashlytics in Frameworks */ = {isa = PBXBuildFile; productRef = E5690A0C2BA196F60089E79D /* FirebaseCrashlytics */; };
		E5690A0F2BA196F60089E79D /* FirebaseDatabase in Frameworks */ = {isa = PBXBuildFile; productRef = E5690A0E2BA196F60089E79D /* FirebaseDatabase */; };
		E5690A112BA196F60089E79D /* FirebaseDatabaseSwift in Frameworks */ = {isa = PBXBuildFile; productRef = E5690A102BA196F60089E79D /* FirebaseDatabaseSwift */; };
		E5690A132BA196F60089E79D /* FirebaseDynamicLinks in Frameworks */ = {isa = PBXBuildFile; productRef = E5690A122BA196F60089E79D /* FirebaseDynamicLinks */; };
		E5690A152BA196F60089E79D /* FirebaseFirestore in Frameworks */ = {isa = PBXBuildFile; productRef = E5690A142BA196F60089E79D /* FirebaseFirestore */; };
		E5690A172BA196F60089E79D /* FirebaseFirestoreCombine-Community in Frameworks */ = {isa = PBXBuildFile; productRef = E5690A162BA196F60089E79D /* FirebaseFirestoreCombine-Community */; };
		E5690A192BA196F60089E79D /* FirebaseFirestoreSwift in Frameworks */ = {isa = PBXBuildFile; productRef = E5690A182BA196F60089E79D /* FirebaseFirestoreSwift */; };
		E5690A1B2BA196F60089E79D /* FirebaseFunctions in Frameworks */ = {isa = PBXBuildFile; productRef = E5690A1A2BA196F60089E79D /* FirebaseFunctions */; };
		E5690A1D2BA196F60089E79D /* FirebaseFunctionsCombine-Community in Frameworks */ = {isa = PBXBuildFile; productRef = E5690A1C2BA196F60089E79D /* FirebaseFunctionsCombine-Community */; };
		E5690A1F2BA196F60089E79D /* FirebaseInAppMessaging-Beta in Frameworks */ = {isa = PBXBuildFile; productRef = E5690A1E2BA196F60089E79D /* FirebaseInAppMessaging-Beta */; };
		E5690A212BA196F60089E79D /* FirebaseInAppMessagingSwift-Beta in Frameworks */ = {isa = PBXBuildFile; productRef = E5690A202BA196F60089E79D /* FirebaseInAppMessagingSwift-Beta */; };
		E5690A232BA196F60089E79D /* FirebaseInstallations in Frameworks */ = {isa = PBXBuildFile; productRef = E5690A222BA196F60089E79D /* FirebaseInstallations */; };
		E5690A252BA196F60089E79D /* FirebaseMLModelDownloader in Frameworks */ = {isa = PBXBuildFile; productRef = E5690A242BA196F60089E79D /* FirebaseMLModelDownloader */; };
		E5690A272BA196F60089E79D /* FirebaseMessaging in Frameworks */ = {isa = PBXBuildFile; productRef = E5690A262BA196F60089E79D /* FirebaseMessaging */; };
		E5690A292BA196F60089E79D /* FirebasePerformance in Frameworks */ = {isa = PBXBuildFile; productRef = E5690A282BA196F60089E79D /* FirebasePerformance */; };
		E5690A2B2BA196F60089E79D /* FirebaseRemoteConfig in Frameworks */ = {isa = PBXBuildFile; productRef = E5690A2A2BA196F60089E79D /* FirebaseRemoteConfig */; };
		E5690A2D2BA196F60089E79D /* FirebaseRemoteConfigSwift in Frameworks */ = {isa = PBXBuildFile; productRef = E5690A2C2BA196F60089E79D /* FirebaseRemoteConfigSwift */; };
		E5690A2F2BA196F60089E79D /* FirebaseStorage in Frameworks */ = {isa = PBXBuildFile; productRef = E5690A2E2BA196F60089E79D /* FirebaseStorage */; };
		E5690A312BA196F60089E79D /* FirebaseStorageCombine-Community in Frameworks */ = {isa = PBXBuildFile; productRef = E5690A302BA196F60089E79D /* FirebaseStorageCombine-Community */; };
		E5690A332BA198500089E79D /* GoogleService-Info.plist in Resources */ = {isa = PBXBuildFile; fileRef = E5690A322BA198500089E79D /* GoogleService-Info.plist */; };
		E5690A362BA1992C0089E79D /* AuthManager.swift in Sources */ = {isa = PBXBuildFile; fileRef = E5690A352BA1992C0089E79D /* AuthManager.swift */; };
		E5690A382BA1996B0089E79D /* FirestoreManager.swift in Sources */ = {isa = PBXBuildFile; fileRef = E5690A372BA1996B0089E79D /* FirestoreManager.swift */; };
		E5690A3B2BA19AE70089E79D /* SignUpView.swift in Sources */ = {isa = PBXBuildFile; fileRef = E5690A3A2BA19AE70089E79D /* SignUpView.swift */; };
		E5690A3D2BA19B430089E79D /* AuthViewComponents.swift in Sources */ = {isa = PBXBuildFile; fileRef = E5690A3C2BA19B430089E79D /* AuthViewComponents.swift */; };
		E5690A3F2BA19B650089E79D /* LoginView.swift in Sources */ = {isa = PBXBuildFile; fileRef = E5690A3E2BA19B650089E79D /* LoginView.swift */; };
		E5DD25402BA23A4C00FA2AEC /* UploadViewComponent.swift in Sources */ = {isa = PBXBuildFile; fileRef = E5DD253F2BA23A4C00FA2AEC /* UploadViewComponent.swift */; };
		E5DD25422BA2A10800FA2AEC /* ChartView.swift in Sources */ = {isa = PBXBuildFile; fileRef = E5DD25412BA2A10800FA2AEC /* ChartView.swift */; };
		E5DD25442BA2D51D00FA2AEC /* WorkoutProgressView.swift in Sources */ = {isa = PBXBuildFile; fileRef = E5DD25432BA2D51D00FA2AEC /* WorkoutProgressView.swift */; };
/* End PBXBuildFile section */

/* Begin PBXFileReference section */
		E56909DD2BA148650089E79D /* WorkoutPal.app */ = {isa = PBXFileReference; explicitFileType = wrapper.application; includeInIndex = 0; path = WorkoutPal.app; sourceTree = BUILT_PRODUCTS_DIR; };
		E56909E02BA148650089E79D /* WorkoutPalApp.swift */ = {isa = PBXFileReference; lastKnownFileType = sourcecode.swift; path = WorkoutPalApp.swift; sourceTree = "<group>"; };
		E56909E22BA148650089E79D /* UploadView.swift */ = {isa = PBXFileReference; lastKnownFileType = sourcecode.swift; path = UploadView.swift; sourceTree = "<group>"; };
		E56909E42BA148680089E79D /* Assets.xcassets */ = {isa = PBXFileReference; lastKnownFileType = folder.assetcatalog; path = Assets.xcassets; sourceTree = "<group>"; };
		E56909E72BA148680089E79D /* Preview Assets.xcassets */ = {isa = PBXFileReference; lastKnownFileType = folder.assetcatalog; path = "Preview Assets.xcassets"; sourceTree = "<group>"; };
		E56909EE2BA149490089E79D /* RequestHandler.swift */ = {isa = PBXFileReference; lastKnownFileType = sourcecode.swift; path = RequestHandler.swift; sourceTree = "<group>"; };
		E56909F02BA14B070089E79D /* ImagePicker.swift */ = {isa = PBXFileReference; lastKnownFileType = sourcecode.swift; path = ImagePicker.swift; sourceTree = "<group>"; };
		E56909F22BA1624C0089E79D /* Info.plist */ = {isa = PBXFileReference; lastKnownFileType = text.plist; path = Info.plist; sourceTree = "<group>"; };
		E56909F32BA18C080089E79D /* Models.swift */ = {isa = PBXFileReference; lastKnownFileType = sourcecode.swift; path = Models.swift; sourceTree = "<group>"; };
		E56909F52BA1956A0089E79D /* ContentView.swift */ = {isa = PBXFileReference; lastKnownFileType = sourcecode.swift; path = ContentView.swift; sourceTree = "<group>"; };
		E56909F72BA1961D0089E79D /* WorkoutHistoryView.swift */ = {isa = PBXFileReference; lastKnownFileType = sourcecode.swift; path = WorkoutHistoryView.swift; sourceTree = "<group>"; };
		E56909F92BA1962C0089E79D /* HomeView.swift */ = {isa = PBXFileReference; lastKnownFileType = sourcecode.swift; path = HomeView.swift; sourceTree = "<group>"; };
		E5690A322BA198500089E79D /* GoogleService-Info.plist */ = {isa = PBXFileReference; fileEncoding = 4; lastKnownFileType = text.plist.xml; path = "GoogleService-Info.plist"; sourceTree = "<group>"; };
		E5690A352BA1992C0089E79D /* AuthManager.swift */ = {isa = PBXFileReference; lastKnownFileType = sourcecode.swift; path = AuthManager.swift; sourceTree = "<group>"; };
		E5690A372BA1996B0089E79D /* FirestoreManager.swift */ = {isa = PBXFileReference; lastKnownFileType = sourcecode.swift; path = FirestoreManager.swift; sourceTree = "<group>"; };
		E5690A3A2BA19AE70089E79D /* SignUpView.swift */ = {isa = PBXFileReference; lastKnownFileType = sourcecode.swift; path = SignUpView.swift; sourceTree = "<group>"; };
		E5690A3C2BA19B430089E79D /* AuthViewComponents.swift */ = {isa = PBXFileReference; lastKnownFileType = sourcecode.swift; path = AuthViewComponents.swift; sourceTree = "<group>"; };
		E5690A3E2BA19B650089E79D /* LoginView.swift */ = {isa = PBXFileReference; lastKnownFileType = sourcecode.swift; path = LoginView.swift; sourceTree = "<group>"; };
		E5DD253F2BA23A4C00FA2AEC /* UploadViewComponent.swift */ = {isa = PBXFileReference; lastKnownFileType = sourcecode.swift; path = UploadViewComponent.swift; sourceTree = "<group>"; };
		E5DD25412BA2A10800FA2AEC /* ChartView.swift */ = {isa = PBXFileReference; lastKnownFileType = sourcecode.swift; path = ChartView.swift; sourceTree = "<group>"; };
		E5DD25432BA2D51D00FA2AEC /* WorkoutProgressView.swift */ = {isa = PBXFileReference; lastKnownFileType = sourcecode.swift; path = WorkoutProgressView.swift; sourceTree = "<group>"; };
/* End PBXFileReference section */

/* Begin PBXFrameworksBuildPhase section */
		E56909DA2BA148650089E79D /* Frameworks */ = {
			isa = PBXFrameworksBuildPhase;
			buildActionMask = 2147483647;
			files = (
				E5690A0F2BA196F60089E79D /* FirebaseDatabase in Frameworks */,
				E5690A1D2BA196F60089E79D /* FirebaseFunctionsCombine-Community in Frameworks */,
				E5690A152BA196F60089E79D /* FirebaseFirestore in Frameworks */,
				E5690A012BA196F60089E79D /* FirebaseAnalyticsSwift in Frameworks */,
				E56909FD2BA196F60089E79D /* FirebaseAnalytics in Frameworks */,
				E56909FF2BA196F60089E79D /* FirebaseAnalyticsOnDeviceConversion in Frameworks */,
				E5690A252BA196F60089E79D /* FirebaseMLModelDownloader in Frameworks */,
				E5690A192BA196F60089E79D /* FirebaseFirestoreSwift in Frameworks */,
				E5690A052BA196F60089E79D /* FirebaseAppCheck in Frameworks */,
				E5690A032BA196F60089E79D /* FirebaseAnalyticsWithoutAdIdSupport in Frameworks */,
				E5690A092BA196F60089E79D /* FirebaseAuth in Frameworks */,
				E5690A0D2BA196F60089E79D /* FirebaseCrashlytics in Frameworks */,
				E5690A2D2BA196F60089E79D /* FirebaseRemoteConfigSwift in Frameworks */,
				E5690A1F2BA196F60089E79D /* FirebaseInAppMessaging-Beta in Frameworks */,
				E5690A112BA196F60089E79D /* FirebaseDatabaseSwift in Frameworks */,
				E5690A1B2BA196F60089E79D /* FirebaseFunctions in Frameworks */,
				E5690A312BA196F60089E79D /* FirebaseStorageCombine-Community in Frameworks */,
				E5690A2B2BA196F60089E79D /* FirebaseRemoteConfig in Frameworks */,
				E5690A072BA196F60089E79D /* FirebaseAppDistribution-Beta in Frameworks */,
				E5690A0B2BA196F60089E79D /* FirebaseAuthCombine-Community in Frameworks */,
				E5690A292BA196F60089E79D /* FirebasePerformance in Frameworks */,
				E5690A212BA196F60089E79D /* FirebaseInAppMessagingSwift-Beta in Frameworks */,
				E5690A2F2BA196F60089E79D /* FirebaseStorage in Frameworks */,
				E5690A132BA196F60089E79D /* FirebaseDynamicLinks in Frameworks */,
				E5690A172BA196F60089E79D /* FirebaseFirestoreCombine-Community in Frameworks */,
				E5690A272BA196F60089E79D /* FirebaseMessaging in Frameworks */,
				E5690A232BA196F60089E79D /* FirebaseInstallations in Frameworks */,
			);
			runOnlyForDeploymentPostprocessing = 0;
		};
/* End PBXFrameworksBuildPhase section */

/* Begin PBXGroup section */
		E56909D42BA148650089E79D = {
			isa = PBXGroup;
			children = (
				E56909DF2BA148650089E79D /* WorkoutPal */,
				E56909DE2BA148650089E79D /* Products */,
			);
			sourceTree = "<group>";
		};
		E56909DE2BA148650089E79D /* Products */ = {
			isa = PBXGroup;
			children = (
				E56909DD2BA148650089E79D /* WorkoutPal.app */,
			);
			name = Products;
			sourceTree = "<group>";
		};
		E56909DF2BA148650089E79D /* WorkoutPal */ = {
			isa = PBXGroup;
			children = (
				E56909F22BA1624C0089E79D /* Info.plist */,
				E5690A322BA198500089E79D /* GoogleService-Info.plist */,
				E56909E02BA148650089E79D /* WorkoutPalApp.swift */,
				E5690A342BA198F90089E79D /* Firebase */,
				E56909E22BA148650089E79D /* UploadView.swift */,
				E5DD253F2BA23A4C00FA2AEC /* UploadViewComponent.swift */,
				E56909F52BA1956A0089E79D /* ContentView.swift */,
				E5690A392BA19AC40089E79D /* AuthViews */,
				E56909F72BA1961D0089E79D /* WorkoutHistoryView.swift */,
				E5DD25412BA2A10800FA2AEC /* ChartView.swift */,
				E56909F92BA1962C0089E79D /* HomeView.swift */,
				E5DD25432BA2D51D00FA2AEC /* WorkoutProgressView.swift */,
				E56909F02BA14B070089E79D /* ImagePicker.swift */,
				E56909EE2BA149490089E79D /* RequestHandler.swift */,
				E56909E42BA148680089E79D /* Assets.xcassets */,
				E56909E62BA148680089E79D /* Preview Content */,
				E56909F32BA18C080089E79D /* Models.swift */,
			);
			path = WorkoutPal;
			sourceTree = "<group>";
		};
		E56909E62BA148680089E79D /* Preview Content */ = {
			isa = PBXGroup;
			children = (
				E56909E72BA148680089E79D /* Preview Assets.xcassets */,
			);
			path = "Preview Content";
			sourceTree = "<group>";
		};
		E5690A342BA198F90089E79D /* Firebase */ = {
			isa = PBXGroup;
			children = (
				E5690A352BA1992C0089E79D /* AuthManager.swift */,
				E5690A372BA1996B0089E79D /* FirestoreManager.swift */,
			);
			path = Firebase;
			sourceTree = "<group>";
		};
		E5690A392BA19AC40089E79D /* AuthViews */ = {
			isa = PBXGroup;
			children = (
				E5690A3A2BA19AE70089E79D /* SignUpView.swift */,
				E5690A3E2BA19B650089E79D /* LoginView.swift */,
				E5690A3C2BA19B430089E79D /* AuthViewComponents.swift */,
			);
			path = AuthViews;
			sourceTree = "<group>";
		};
/* End PBXGroup section */

/* Begin PBXNativeTarget section */
		E56909DC2BA148650089E79D /* WorkoutPal */ = {
			isa = PBXNativeTarget;
			buildConfigurationList = E56909EB2BA148680089E79D /* Build configuration list for PBXNativeTarget "WorkoutPal" */;
			buildPhases = (
				E56909D92BA148650089E79D /* Sources */,
				E56909DA2BA148650089E79D /* Frameworks */,
				E56909DB2BA148650089E79D /* Resources */,
			);
			buildRules = (
			);
			dependencies = (
			);
			name = WorkoutPal;
			packageProductDependencies = (
				E56909FC2BA196F60089E79D /* FirebaseAnalytics */,
				E56909FE2BA196F60089E79D /* FirebaseAnalyticsOnDeviceConversion */,
				E5690A002BA196F60089E79D /* FirebaseAnalyticsSwift */,
				E5690A022BA196F60089E79D /* FirebaseAnalyticsWithoutAdIdSupport */,
				E5690A042BA196F60089E79D /* FirebaseAppCheck */,
				E5690A062BA196F60089E79D /* FirebaseAppDistribution-Beta */,
				E5690A082BA196F60089E79D /* FirebaseAuth */,
				E5690A0A2BA196F60089E79D /* FirebaseAuthCombine-Community */,
				E5690A0C2BA196F60089E79D /* FirebaseCrashlytics */,
				E5690A0E2BA196F60089E79D /* FirebaseDatabase */,
				E5690A102BA196F60089E79D /* FirebaseDatabaseSwift */,
				E5690A122BA196F60089E79D /* FirebaseDynamicLinks */,
				E5690A142BA196F60089E79D /* FirebaseFirestore */,
				E5690A162BA196F60089E79D /* FirebaseFirestoreCombine-Community */,
				E5690A182BA196F60089E79D /* FirebaseFirestoreSwift */,
				E5690A1A2BA196F60089E79D /* FirebaseFunctions */,
				E5690A1C2BA196F60089E79D /* FirebaseFunctionsCombine-Community */,
				E5690A1E2BA196F60089E79D /* FirebaseInAppMessaging-Beta */,
				E5690A202BA196F60089E79D /* FirebaseInAppMessagingSwift-Beta */,
				E5690A222BA196F60089E79D /* FirebaseInstallations */,
				E5690A242BA196F60089E79D /* FirebaseMLModelDownloader */,
				E5690A262BA196F60089E79D /* FirebaseMessaging */,
				E5690A282BA196F60089E79D /* FirebasePerformance */,
				E5690A2A2BA196F60089E79D /* FirebaseRemoteConfig */,
				E5690A2C2BA196F60089E79D /* FirebaseRemoteConfigSwift */,
				E5690A2E2BA196F60089E79D /* FirebaseStorage */,
				E5690A302BA196F60089E79D /* FirebaseStorageCombine-Community */,
			);
			productName = WorkoutPal;
			productReference = E56909DD2BA148650089E79D /* WorkoutPal.app */;
			productType = "com.apple.product-type.application";
		};
/* End PBXNativeTarget section */

/* Begin PBXProject section */
		E56909D52BA148650089E79D /* Project object */ = {
			isa = PBXProject;
			attributes = {
				BuildIndependentTargetsInParallel = 1;
				LastSwiftUpdateCheck = 1520;
				LastUpgradeCheck = 1520;
				TargetAttributes = {
					E56909DC2BA148650089E79D = {
						CreatedOnToolsVersion = 15.2;
					};
				};
			};
			buildConfigurationList = E56909D82BA148650089E79D /* Build configuration list for PBXProject "WorkoutPal" */;
			compatibilityVersion = "Xcode 14.0";
			developmentRegion = en;
			hasScannedForEncodings = 0;
			knownRegions = (
				en,
				Base,
			);
			mainGroup = E56909D42BA148650089E79D;
			packageReferences = (
				E56909FB2BA196F60089E79D /* XCRemoteSwiftPackageReference "firebase-ios-sdk" */,
			);
			productRefGroup = E56909DE2BA148650089E79D /* Products */;
			projectDirPath = "";
			projectRoot = "";
			targets = (
				E56909DC2BA148650089E79D /* WorkoutPal */,
			);
		};
/* End PBXProject section */

/* Begin PBXResourcesBuildPhase section */
		E56909DB2BA148650089E79D /* Resources */ = {
			isa = PBXResourcesBuildPhase;
			buildActionMask = 2147483647;
			files = (
				E56909E82BA148680089E79D /* Preview Assets.xcassets in Resources */,
				E56909E52BA148680089E79D /* Assets.xcassets in Resources */,
				E5690A332BA198500089E79D /* GoogleService-Info.plist in Resources */,
			);
			runOnlyForDeploymentPostprocessing = 0;
		};
/* End PBXResourcesBuildPhase section */

/* Begin PBXSourcesBuildPhase section */
		E56909D92BA148650089E79D /* Sources */ = {
			isa = PBXSourcesBuildPhase;
			buildActionMask = 2147483647;
			files = (
				E56909E32BA148650089E79D /* UploadView.swift in Sources */,
				E5690A382BA1996B0089E79D /* FirestoreManager.swift in Sources */,
				E5690A362BA1992C0089E79D /* AuthManager.swift in Sources */,
				E56909F12BA14B070089E79D /* ImagePicker.swift in Sources */,
				E56909F62BA1956A0089E79D /* ContentView.swift in Sources */,
				E5DD25402BA23A4C00FA2AEC /* UploadViewComponent.swift in Sources */,
				E5690A3B2BA19AE70089E79D /* SignUpView.swift in Sources */,
				E5690A3D2BA19B430089E79D /* AuthViewComponents.swift in Sources */,
				E5DD25422BA2A10800FA2AEC /* ChartView.swift in Sources */,
				E56909E12BA148650089E79D /* WorkoutPalApp.swift in Sources */,
				E56909EF2BA149490089E79D /* RequestHandler.swift in Sources */,
				E56909FA2BA1962C0089E79D /* HomeView.swift in Sources */,
				E5690A3F2BA19B650089E79D /* LoginView.swift in Sources */,
				E56909F82BA1961D0089E79D /* WorkoutHistoryView.swift in Sources */,
				E56909F42BA18C080089E79D /* Models.swift in Sources */,
				E5DD25442BA2D51D00FA2AEC /* WorkoutProgressView.swift in Sources */,
			);
			runOnlyForDeploymentPostprocessing = 0;
		};
/* End PBXSourcesBuildPhase section */

/* Begin XCBuildConfiguration section */
		E56909E92BA148680089E79D /* Debug */ = {
			isa = XCBuildConfiguration;
			buildSettings = {
				ALWAYS_SEARCH_USER_PATHS = NO;
				ASSETCATALOG_COMPILER_GENERATE_SWIFT_ASSET_SYMBOL_EXTENSIONS = YES;
				CLANG_ANALYZER_NONNULL = YES;
				CLANG_ANALYZER_NUMBER_OBJECT_CONVERSION = YES_AGGRESSIVE;
				CLANG_CXX_LANGUAGE_STANDARD = "gnu++20";
				CLANG_ENABLE_MODULES = YES;
				CLANG_ENABLE_OBJC_ARC = YES;
				CLANG_ENABLE_OBJC_WEAK = YES;
				CLANG_WARN_BLOCK_CAPTURE_AUTORELEASING = YES;
				CLANG_WARN_BOOL_CONVERSION = YES;
				CLANG_WARN_COMMA = YES;
				CLANG_WARN_CONSTANT_CONVERSION = YES;
				CLANG_WARN_DEPRECATED_OBJC_IMPLEMENTATIONS = YES;
				CLANG_WARN_DIRECT_OBJC_ISA_USAGE = YES_ERROR;
				CLANG_WARN_DOCUMENTATION_COMMENTS = YES;
				CLANG_WARN_EMPTY_BODY = YES;
				CLANG_WARN_ENUM_CONVERSION = YES;
				CLANG_WARN_INFINITE_RECURSION = YES;
				CLANG_WARN_INT_CONVERSION = YES;
				CLANG_WARN_NON_LITERAL_NULL_CONVERSION = YES;
				CLANG_WARN_OBJC_IMPLICIT_RETAIN_SELF = YES;
				CLANG_WARN_OBJC_LITERAL_CONVERSION = YES;
				CLANG_WARN_OBJC_ROOT_CLASS = YES_ERROR;
				CLANG_WARN_QUOTED_INCLUDE_IN_FRAMEWORK_HEADER = YES;
				CLANG_WARN_RANGE_LOOP_ANALYSIS = YES;
				CLANG_WARN_STRICT_PROTOTYPES = YES;
				CLANG_WARN_SUSPICIOUS_MOVE = YES;
				CLANG_WARN_UNGUARDED_AVAILABILITY = YES_AGGRESSIVE;
				CLANG_WARN_UNREACHABLE_CODE = YES;
				CLANG_WARN__DUPLICATE_METHOD_MATCH = YES;
				COPY_PHASE_STRIP = NO;
				DEBUG_INFORMATION_FORMAT = dwarf;
				ENABLE_STRICT_OBJC_MSGSEND = YES;
				ENABLE_TESTABILITY = YES;
				ENABLE_USER_SCRIPT_SANDBOXING = YES;
				GCC_C_LANGUAGE_STANDARD = gnu17;
				GCC_DYNAMIC_NO_PIC = NO;
				GCC_NO_COMMON_BLOCKS = YES;
				GCC_OPTIMIZATION_LEVEL = 0;
				GCC_PREPROCESSOR_DEFINITIONS = (
					"DEBUG=1",
					"$(inherited)",
				);
				GCC_WARN_64_TO_32_BIT_CONVERSION = YES;
				GCC_WARN_ABOUT_RETURN_TYPE = YES_ERROR;
				GCC_WARN_UNDECLARED_SELECTOR = YES;
				GCC_WARN_UNINITIALIZED_AUTOS = YES_AGGRESSIVE;
				GCC_WARN_UNUSED_FUNCTION = YES;
				GCC_WARN_UNUSED_VARIABLE = YES;
				IPHONEOS_DEPLOYMENT_TARGET = 17.2;
				LOCALIZATION_PREFERS_STRING_CATALOGS = YES;
				MTL_ENABLE_DEBUG_INFO = INCLUDE_SOURCE;
				MTL_FAST_MATH = YES;
				ONLY_ACTIVE_ARCH = YES;
				SDKROOT = iphoneos;
				SWIFT_ACTIVE_COMPILATION_CONDITIONS = "DEBUG $(inherited)";
				SWIFT_OPTIMIZATION_LEVEL = "-Onone";
			};
			name = Debug;
		};
		E56909EA2BA148680089E79D /* Release */ = {
			isa = XCBuildConfiguration;
			buildSettings = {
				ALWAYS_SEARCH_USER_PATHS = NO;
				ASSETCATALOG_COMPILER_GENERATE_SWIFT_ASSET_SYMBOL_EXTENSIONS = YES;
				CLANG_ANALYZER_NONNULL = YES;
				CLANG_ANALYZER_NUMBER_OBJECT_CONVERSION = YES_AGGRESSIVE;
				CLANG_CXX_LANGUAGE_STANDARD = "gnu++20";
				CLANG_ENABLE_MODULES = YES;
				CLANG_ENABLE_OBJC_ARC = YES;
				CLANG_ENABLE_OBJC_WEAK = YES;
				CLANG_WARN_BLOCK_CAPTURE_AUTORELEASING = YES;
				CLANG_WARN_BOOL_CONVERSION = YES;
				CLANG_WARN_COMMA = YES;
				CLANG_WARN_CONSTANT_CONVERSION = YES;
				CLANG_WARN_DEPRECATED_OBJC_IMPLEMENTATIONS = YES;
				CLANG_WARN_DIRECT_OBJC_ISA_USAGE = YES_ERROR;
				CLANG_WARN_DOCUMENTATION_COMMENTS = YES;
				CLANG_WARN_EMPTY_BODY = YES;
				CLANG_WARN_ENUM_CONVERSION = YES;
				CLANG_WARN_INFINITE_RECURSION = YES;
				CLANG_WARN_INT_CONVERSION = YES;
				CLANG_WARN_NON_LITERAL_NULL_CONVERSION = YES;
				CLANG_WARN_OBJC_IMPLICIT_RETAIN_SELF = YES;
				CLANG_WARN_OBJC_LITERAL_CONVERSION = YES;
				CLANG_WARN_OBJC_ROOT_CLASS = YES_ERROR;
				CLANG_WARN_QUOTED_INCLUDE_IN_FRAMEWORK_HEADER = YES;
				CLANG_WARN_RANGE_LOOP_ANALYSIS = YES;
				CLANG_WARN_STRICT_PROTOTYPES = YES;
				CLANG_WARN_SUSPICIOUS_MOVE = YES;
				CLANG_WARN_UNGUARDED_AVAILABILITY = YES_AGGRESSIVE;
				CLANG_WARN_UNREACHABLE_CODE = YES;
				CLANG_WARN__DUPLICATE_METHOD_MATCH = YES;
				COPY_PHASE_STRIP = NO;
				DEBUG_INFORMATION_FORMAT = "dwarf-with-dsym";
				ENABLE_NS_ASSERTIONS = NO;
				ENABLE_STRICT_OBJC_MSGSEND = YES;
				ENABLE_USER_SCRIPT_SANDBOXING = YES;
				GCC_C_LANGUAGE_STANDARD = gnu17;
				GCC_NO_COMMON_BLOCKS = YES;
				GCC_WARN_64_TO_32_BIT_CONVERSION = YES;
				GCC_WARN_ABOUT_RETURN_TYPE = YES_ERROR;
				GCC_WARN_UNDECLARED_SELECTOR = YES;
				GCC_WARN_UNINITIALIZED_AUTOS = YES_AGGRESSIVE;
				GCC_WARN_UNUSED_FUNCTION = YES;
				GCC_WARN_UNUSED_VARIABLE = YES;
				IPHONEOS_DEPLOYMENT_TARGET = 17.2;
				LOCALIZATION_PREFERS_STRING_CATALOGS = YES;
				MTL_ENABLE_DEBUG_INFO = NO;
				MTL_FAST_MATH = YES;
				SDKROOT = iphoneos;
				SWIFT_COMPILATION_MODE = wholemodule;
				VALIDATE_PRODUCT = YES;
			};
			name = Release;
		};
		E56909EC2BA148680089E79D /* Debug */ = {
			isa = XCBuildConfiguration;
			buildSettings = {
				ASSETCATALOG_COMPILER_APPICON_NAME = AppIcon;
				ASSETCATALOG_COMPILER_GLOBAL_ACCENT_COLOR_NAME = AccentColor;
				CODE_SIGN_STYLE = Automatic;
				CURRENT_PROJECT_VERSION = 1;
				DEVELOPMENT_ASSET_PATHS = "\"WorkoutPal/Preview Content\"";
				DEVELOPMENT_TEAM = 8DFW74KMX7;
				ENABLE_PREVIEWS = YES;
				GENERATE_INFOPLIST_FILE = YES;
				INFOPLIST_FILE = WorkoutPal/Info.plist;
				INFOPLIST_KEY_LSApplicationCategoryType = "";
				INFOPLIST_KEY_NSCameraUsageDescription = "";
				INFOPLIST_KEY_UIApplicationSceneManifest_Generation = YES;
				INFOPLIST_KEY_UIApplicationSupportsIndirectInputEvents = YES;
				INFOPLIST_KEY_UILaunchScreen_Generation = YES;
				INFOPLIST_KEY_UISupportedInterfaceOrientations_iPad = "UIInterfaceOrientationPortrait UIInterfaceOrientationPortraitUpsideDown UIInterfaceOrientationLandscapeLeft UIInterfaceOrientationLandscapeRight";
				INFOPLIST_KEY_UISupportedInterfaceOrientations_iPhone = "UIInterfaceOrientationPortrait UIInterfaceOrientationLandscapeLeft UIInterfaceOrientationLandscapeRight";
				IPHONEOS_DEPLOYMENT_TARGET = 16.2;
				LD_RUNPATH_SEARCH_PATHS = (
					"$(inherited)",
					"@executable_path/Frameworks",
				);
				MARKETING_VERSION = 1.0;
				PRODUCT_BUNDLE_IDENTIFIER = capstone.WorkoutPal;
				PRODUCT_NAME = "$(TARGET_NAME)";
				SWIFT_EMIT_LOC_STRINGS = YES;
				SWIFT_VERSION = 5.0;
				TARGETED_DEVICE_FAMILY = "1,2";
			};
			name = Debug;
		};
		E56909ED2BA148680089E79D /* Release */ = {
			isa = XCBuildConfiguration;
			buildSettings = {
				ASSETCATALOG_COMPILER_APPICON_NAME = AppIcon;
				ASSETCATALOG_COMPILER_GLOBAL_ACCENT_COLOR_NAME = AccentColor;
				CODE_SIGN_STYLE = Automatic;
				CURRENT_PROJECT_VERSION = 1;
				DEVELOPMENT_ASSET_PATHS = "\"WorkoutPal/Preview Content\"";
				DEVELOPMENT_TEAM = 8DFW74KMX7;
				ENABLE_PREVIEWS = YES;
				GENERATE_INFOPLIST_FILE = YES;
				INFOPLIST_FILE = WorkoutPal/Info.plist;
				INFOPLIST_KEY_LSApplicationCategoryType = "";
				INFOPLIST_KEY_NSCameraUsageDescription = "";
				INFOPLIST_KEY_UIApplicationSceneManifest_Generation = YES;
				INFOPLIST_KEY_UIApplicationSupportsIndirectInputEvents = YES;
				INFOPLIST_KEY_UILaunchScreen_Generation = YES;
				INFOPLIST_KEY_UISupportedInterfaceOrientations_iPad = "UIInterfaceOrientationPortrait UIInterfaceOrientationPortraitUpsideDown UIInterfaceOrientationLandscapeLeft UIInterfaceOrientationLandscapeRight";
				INFOPLIST_KEY_UISupportedInterfaceOrientations_iPhone = "UIInterfaceOrientationPortrait UIInterfaceOrientationLandscapeLeft UIInterfaceOrientationLandscapeRight";
				IPHONEOS_DEPLOYMENT_TARGET = 16.2;
				LD_RUNPATH_SEARCH_PATHS = (
					"$(inherited)",
					"@executable_path/Frameworks",
				);
				MARKETING_VERSION = 1.0;
				PRODUCT_BUNDLE_IDENTIFIER = capstone.WorkoutPal;
				PRODUCT_NAME = "$(TARGET_NAME)";
				SWIFT_EMIT_LOC_STRINGS = YES;
				SWIFT_VERSION = 5.0;
				TARGETED_DEVICE_FAMILY = "1,2";
			};
			name = Release;
		};
/* End XCBuildConfiguration section */

/* Begin XCConfigurationList section */
		E56909D82BA148650089E79D /* Build configuration list for PBXProject "WorkoutPal" */ = {
			isa = XCConfigurationList;
			buildConfigurations = (
				E56909E92BA148680089E79D /* Debug */,
				E56909EA2BA148680089E79D /* Release */,
			);
			defaultConfigurationIsVisible = 0;
			defaultConfigurationName = Release;
		};
		E56909EB2BA148680089E79D /* Build configuration list for PBXNativeTarget "WorkoutPal" */ = {
			isa = XCConfigurationList;
			buildConfigurations = (
				E56909EC2BA148680089E79D /* Debug */,
				E56909ED2BA148680089E79D /* Release */,
			);
			defaultConfigurationIsVisible = 0;
			defaultConfigurationName = Release;
		};
/* End XCConfigurationList section */

/* Begin XCRemoteSwiftPackageReference section */
		E56909FB2BA196F60089E79D /* XCRemoteSwiftPackageReference "firebase-ios-sdk" */ = {
			isa = XCRemoteSwiftPackageReference;
			repositoryURL = "https://github.com/firebase/firebase-ios-sdk.git";
			requirement = {
				kind = upToNextMajorVersion;
				minimumVersion = 10.22.1;
			};
		};
/* End XCRemoteSwiftPackageReference section */

/* Begin XCSwiftPackageProductDependency section */
		E56909FC2BA196F60089E79D /* FirebaseAnalytics */ = {
			isa = XCSwiftPackageProductDependency;
			package = E56909FB2BA196F60089E79D /* XCRemoteSwiftPackageReference "firebase-ios-sdk" */;
			productName = FirebaseAnalytics;
		};
		E56909FE2BA196F60089E79D /* FirebaseAnalyticsOnDeviceConversion */ = {
			isa = XCSwiftPackageProductDependency;
			package = E56909FB2BA196F60089E79D /* XCRemoteSwiftPackageReference "firebase-ios-sdk" */;
			productName = FirebaseAnalyticsOnDeviceConversion;
		};
		E5690A002BA196F60089E79D /* FirebaseAnalyticsSwift */ = {
			isa = XCSwiftPackageProductDependency;
			package = E56909FB2BA196F60089E79D /* XCRemoteSwiftPackageReference "firebase-ios-sdk" */;
			productName = FirebaseAnalyticsSwift;
		};
		E5690A022BA196F60089E79D /* FirebaseAnalyticsWithoutAdIdSupport */ = {
			isa = XCSwiftPackageProductDependency;
			package = E56909FB2BA196F60089E79D /* XCRemoteSwiftPackageReference "firebase-ios-sdk" */;
			productName = FirebaseAnalyticsWithoutAdIdSupport;
		};
		E5690A042BA196F60089E79D /* FirebaseAppCheck */ = {
			isa = XCSwiftPackageProductDependency;
			package = E56909FB2BA196F60089E79D /* XCRemoteSwiftPackageReference "firebase-ios-sdk" */;
			productName = FirebaseAppCheck;
		};
		E5690A062BA196F60089E79D /* FirebaseAppDistribution-Beta */ = {
			isa = XCSwiftPackageProductDependency;
			package = E56909FB2BA196F60089E79D /* XCRemoteSwiftPackageReference "firebase-ios-sdk" */;
			productName = "FirebaseAppDistribution-Beta";
		};
		E5690A082BA196F60089E79D /* FirebaseAuth */ = {
			isa = XCSwiftPackageProductDependency;
			package = E56909FB2BA196F60089E79D /* XCRemoteSwiftPackageReference "firebase-ios-sdk" */;
			productName = FirebaseAuth;
		};
		E5690A0A2BA196F60089E79D /* FirebaseAuthCombine-Community */ = {
			isa = XCSwiftPackageProductDependency;
			package = E56909FB2BA196F60089E79D /* XCRemoteSwiftPackageReference "firebase-ios-sdk" */;
			productName = "FirebaseAuthCombine-Community";
		};
		E5690A0C2BA196F60089E79D /* FirebaseCrashlytics */ = {
			isa = XCSwiftPackageProductDependency;
			package = E56909FB2BA196F60089E79D /* XCRemoteSwiftPackageReference "firebase-ios-sdk" */;
			productName = FirebaseCrashlytics;
		};
		E5690A0E2BA196F60089E79D /* FirebaseDatabase */ = {
			isa = XCSwiftPackageProductDependency;
			package = E56909FB2BA196F60089E79D /* XCRemoteSwiftPackageReference "firebase-ios-sdk" */;
			productName = FirebaseDatabase;
		};
		E5690A102BA196F60089E79D /* FirebaseDatabaseSwift */ = {
			isa = XCSwiftPackageProductDependency;
			package = E56909FB2BA196F60089E79D /* XCRemoteSwiftPackageReference "firebase-ios-sdk" */;
			productName = FirebaseDatabaseSwift;
		};
		E5690A122BA196F60089E79D /* FirebaseDynamicLinks */ = {
			isa = XCSwiftPackageProductDependency;
			package = E56909FB2BA196F60089E79D /* XCRemoteSwiftPackageReference "firebase-ios-sdk" */;
			productName = FirebaseDynamicLinks;
		};
		E5690A142BA196F60089E79D /* FirebaseFirestore */ = {
			isa = XCSwiftPackageProductDependency;
			package = E56909FB2BA196F60089E79D /* XCRemoteSwiftPackageReference "firebase-ios-sdk" */;
			productName = FirebaseFirestore;
		};
		E5690A162BA196F60089E79D /* FirebaseFirestoreCombine-Community */ = {
			isa = XCSwiftPackageProductDependency;
			package = E56909FB2BA196F60089E79D /* XCRemoteSwiftPackageReference "firebase-ios-sdk" */;
			productName = "FirebaseFirestoreCombine-Community";
		};
		E5690A182BA196F60089E79D /* FirebaseFirestoreSwift */ = {
			isa = XCSwiftPackageProductDependency;
			package = E56909FB2BA196F60089E79D /* XCRemoteSwiftPackageReference "firebase-ios-sdk" */;
			productName = FirebaseFirestoreSwift;
		};
		E5690A1A2BA196F60089E79D /* FirebaseFunctions */ = {
			isa = XCSwiftPackageProductDependency;
			package = E56909FB2BA196F60089E79D /* XCRemoteSwiftPackageReference "firebase-ios-sdk" */;
			productName = FirebaseFunctions;
		};
		E5690A1C2BA196F60089E79D /* FirebaseFunctionsCombine-Community */ = {
			isa = XCSwiftPackageProductDependency;
			package = E56909FB2BA196F60089E79D /* XCRemoteSwiftPackageReference "firebase-ios-sdk" */;
			productName = "FirebaseFunctionsCombine-Community";
		};
		E5690A1E2BA196F60089E79D /* FirebaseInAppMessaging-Beta */ = {
			isa = XCSwiftPackageProductDependency;
			package = E56909FB2BA196F60089E79D /* XCRemoteSwiftPackageReference "firebase-ios-sdk" */;
			productName = "FirebaseInAppMessaging-Beta";
		};
		E5690A202BA196F60089E79D /* FirebaseInAppMessagingSwift-Beta */ = {
			isa = XCSwiftPackageProductDependency;
			package = E56909FB2BA196F60089E79D /* XCRemoteSwiftPackageReference "firebase-ios-sdk" */;
			productName = "FirebaseInAppMessagingSwift-Beta";
		};
		E5690A222BA196F60089E79D /* FirebaseInstallations */ = {
			isa = XCSwiftPackageProductDependency;
			package = E56909FB2BA196F60089E79D /* XCRemoteSwiftPackageReference "firebase-ios-sdk" */;
			productName = FirebaseInstallations;
		};
		E5690A242BA196F60089E79D /* FirebaseMLModelDownloader */ = {
			isa = XCSwiftPackageProductDependency;
			package = E56909FB2BA196F60089E79D /* XCRemoteSwiftPackageReference "firebase-ios-sdk" */;
			productName = FirebaseMLModelDownloader;
		};
		E5690A262BA196F60089E79D /* FirebaseMessaging */ = {
			isa = XCSwiftPackageProductDependency;
			package = E56909FB2BA196F60089E79D /* XCRemoteSwiftPackageReference "firebase-ios-sdk" */;
			productName = FirebaseMessaging;
		};
		E5690A282BA196F60089E79D /* FirebasePerformance */ = {
			isa = XCSwiftPackageProductDependency;
			package = E56909FB2BA196F60089E79D /* XCRemoteSwiftPackageReference "firebase-ios-sdk" */;
			productName = FirebasePerformance;
		};
		E5690A2A2BA196F60089E79D /* FirebaseRemoteConfig */ = {
			isa = XCSwiftPackageProductDependency;
			package = E56909FB2BA196F60089E79D /* XCRemoteSwiftPackageReference "firebase-ios-sdk" */;
			productName = FirebaseRemoteConfig;
		};
		E5690A2C2BA196F60089E79D /* FirebaseRemoteConfigSwift */ = {
			isa = XCSwiftPackageProductDependency;
			package = E56909FB2BA196F60089E79D /* XCRemoteSwiftPackageReference "firebase-ios-sdk" */;
			productName = FirebaseRemoteConfigSwift;
		};
		E5690A2E2BA196F60089E79D /* FirebaseStorage */ = {
			isa = XCSwiftPackageProductDependency;
			package = E56909FB2BA196F60089E79D /* XCRemoteSwiftPackageReference "firebase-ios-sdk" */;
			productName = FirebaseStorage;
		};
		E5690A302BA196F60089E79D /* FirebaseStorageCombine-Community */ = {
			isa = XCSwiftPackageProductDependency;
			package = E56909FB2BA196F60089E79D /* XCRemoteSwiftPackageReference "firebase-ios-sdk" */;
			productName = "FirebaseStorageCombine-Community";
		};
/* End XCSwiftPackageProductDependency section */
	};
	rootObject = E56909D52BA148650089E79D /* Project object */;
}
